
Microsoft Visual Studio Solution File, Format Version 12.00
# Visual Studio Version 17
VisualStudioVersion = 17.5.33424.131
MinimumVisualStudioVersion = 10.0.40219.1
Project("{FAE04EC0-301F-11D3-BF4B-00C04F79EFBC}") = "NZWalks.API", "NZWalks.API\NZWalks.API.csproj", "{B2D6C874-2049-4D5A-B2F6-2B266741855A}"
EndProject
Global
	GlobalSection(SolutionConfigurationPlatforms) = preSolution
		Debug|Any CPU = Debug|Any CPU
		Release|Any CPU = Release|Any CPU
	EndGlobalSection
	GlobalSection(ProjectConfigurationPlatforms) = postSolution
		{B2D6C874-2049-4D5A-B2F6-2B266741855A}.Debug|Any CPU.ActiveCfg = Debug|Any CPU
		{B2D6C874-2049-4D5A-B2F6-2B266741855A}.Debug|Any CPU.Build.0 = Debug|Any CPU
		{B2D6C874-2049-4D5A-B2F6-2B266741855A}.Release|Any CPU.ActiveCfg = Release|Any CPU
		{B2D6C874-2049-4D5A-B2F6-2B266741855A}.Release|Any CPU.Build.0 = Release|Any CPU
	EndGlobalSection
	GlobalSection(SolutionProperties) = preSolution
		HideSolutionNode = FALSE
	EndGlobalSection
	GlobalSection(ExtensibilityGlobals) = postSolution
		SolutionGuid = {107211C5-60EA-4195-88F9-B4AD40245056}
	EndGlobalSection
EndGlobal
